
Microsoft Visual Studio Solution File, Format Version 12.00
# Visual Studio Version 16
VisualStudioVersion = 16.0.30523.141
MinimumVisualStudioVersion = 10.0.40219.1
Project("{8BC9CEB8-8B4A-11D0-8D11-00A0C91BC942}") = "laba5.6", "laba5.6\laba5.6.vcxproj", "{83C1D706-16D0-476C-914B-8E005A9FEA6F}"
EndProject
Project("{8BC9CEB8-8B4A-11D0-8D11-00A0C91BC942}") = "UnitTest1", "UnitTest1\UnitTest1.vcxproj", "{ADEF7425-84A0-4CC6-8AEE-599C2CC11A13}"
EndProject
Global
	GlobalSection(SolutionConfigurationPlatforms) = preSolution
		Debug|x64 = Debug|x64
		Debug|x86 = Debug|x86
		Release|x64 = Release|x64
		Release|x86 = Release|x86
	EndGlobalSection
	GlobalSection(ProjectConfigurationPlatforms) = postSolution
		{83C1D706-16D0-476C-914B-8E005A9FEA6F}.Debug|x64.ActiveCfg = Debug|x64
		{83C1D706-16D0-476C-914B-8E005A9FEA6F}.Debug|x64.Build.0 = Debug|x64
		{83C1D706-16D0-476C-914B-8E005A9FEA6F}.Debug|x86.ActiveCfg = Debug|Win32
		{83C1D706-16D0-476C-914B-8E005A9FEA6F}.Debug|x86.Build.0 = Debug|Win32
		{83C1D706-16D0-476C-914B-8E005A9FEA6F}.Release|x64.ActiveCfg = Release|x64
		{83C1D706-16D0-476C-914B-8E005A9FEA6F}.Release|x64.Build.0 = Release|x64
		{83C1D706-16D0-476C-914B-8E005A9FEA6F}.Release|x86.ActiveCfg = Release|Win32
		{83C1D706-16D0-476C-914B-8E005A9FEA6F}.Release|x86.Build.0 = Release|Win32
		{ADEF7425-84A0-4CC6-8AEE-599C2CC11A13}.Debug|x64.ActiveCfg = Debug|x64
		{ADEF7425-84A0-4CC6-8AEE-599C2CC11A13}.Debug|x64.Build.0 = Debug|x64
		{ADEF7425-84A0-4CC6-8AEE-599C2CC11A13}.Debug|x86.ActiveCfg = Debug|Win32
		{ADEF7425-84A0-4CC6-8AEE-599C2CC11A13}.Debug|x86.Build.0 = Debug|Win32
		{ADEF7425-84A0-4CC6-8AEE-599C2CC11A13}.Release|x64.ActiveCfg = Release|x64
		{ADEF7425-84A0-4CC6-8AEE-599C2CC11A13}.Release|x64.Build.0 = Release|x64
		{ADEF7425-84A0-4CC6-8AEE-599C2CC11A13}.Release|x86.ActiveCfg = Release|Win32
		{ADEF7425-84A0-4CC6-8AEE-599C2CC11A13}.Release|x86.Build.0 = Release|Win32
	EndGlobalSection
	GlobalSection(SolutionProperties) = preSolution
		HideSolutionNode = FALSE
	EndGlobalSection
	GlobalSection(ExtensibilityGlobals) = postSolution
		SolutionGuid = {7D49CA02-46CB-43DD-B787-6CBC2D8F5B5B}
	EndGlobalSection
EndGlobal
